
Microsoft Visual Studio Solution File, Format Version 12.00
# Visual Studio Version 16
VisualStudioVersion = 16.0.29728.190
MinimumVisualStudioVersion = 10.0.40219.1
Project("{FAE04EC0-301F-11D3-BF4B-00C04F79EFBC}") = "Profit.cs", "Profit.cs\Profit.cs.csproj", "{81C08862-E02E-453F-846A-E89BF74E67FB}"
EndProject
Global
	GlobalSection(SolutionConfigurationPlatforms) = preSolution
		Debug|Any CPU = Debug|Any CPU
		Release|Any CPU = Release|Any CPU
	EndGlobalSection
	GlobalSection(ProjectConfigurationPlatforms) = postSolution
		{81C08862-E02E-453F-846A-E89BF74E67FB}.Debug|Any CPU.ActiveCfg = Debug|Any CPU
		{81C08862-E02E-453F-846A-E89BF74E67FB}.Debug|Any CPU.Build.0 = Debug|Any CPU
		{81C08862-E02E-453F-846A-E89BF74E67FB}.Release|Any CPU.ActiveCfg = Release|Any CPU
		{81C08862-E02E-453F-846A-E89BF74E67FB}.Release|Any CPU.Build.0 = Release|Any CPU
	EndGlobalSection
	GlobalSection(SolutionProperties) = preSolution
		HideSolutionNode = FALSE
	EndGlobalSection
	GlobalSection(ExtensibilityGlobals) = postSolution
		SolutionGuid = {A7D8926A-4546-4EA7-B486-6096A43F967B}
	EndGlobalSection
EndGlobal
